<?xml version="1.0" encoding="utf-8"?>
<Project ToolsVersion="4.0" xmlns="http://schemas.microsoft.com/developer/msbuild/2003">
  <ItemGroup>
    <Filter Include="ソース ファイル">
      <UniqueIdentifier>{4FC737F1-C7A5-4376-A066-2A32D752A2FF}</UniqueIdentifier>
      <Extensions>cpp;c;cc;cxx;def;odl;idl;hpj;bat;asm;asmx</Extensions>
    </Filter>
    <Filter Include="ヘッダー ファイル">
      <UniqueIdentifier>{93995380-89BD-4b04-88EB-625FBE52EBFB}</UniqueIdentifier>
      <Extensions>h;hh;hpp;hxx;hm;inl;inc;xsd</Extensions>
    </Filter>
    <Filter Include="リソース ファイル">
      <UniqueIdentifier>{67DA6AB6-F800-4c08-8B7A-83BB121AAD01}</UniqueIdentifier>
      <Extensions>rc;ico;cur;bmp;dlg;rc2;rct;bin;rgs;gif;jpg;jpeg;jpe;resx;tiff;tif;png;wav;mfcribbon-ms</Extensions>
    </Filter>
    <Filter Include="ソース ファイル\title">
      <UniqueIdentifier>{0dc10219-f6ff-4865-81da-f9af60602d07}</UniqueIdentifier>
    </Filter>
    <Filter Include="ソース ファイル\game">
      <UniqueIdentifier>{6c586c0c-44b0-4d4c-8ab3-07eaac9e3721}</UniqueIdentifier>
    </Filter>
    <Filter Include="ソース ファイル\result">
      <UniqueIdentifier>{9cae9e56-d95c-4efd-a400-81a3df288d05}</UniqueIdentifier>
    </Filter>
    <Filter Include="ヘッダー ファイル\game">
      <UniqueIdentifier>{01c9f25c-e4b3-48f1-b086-1a5fbd6106c8}</UniqueIdentifier>
    </Filter>
    <Filter Include="ヘッダー ファイル\title">
      <UniqueIdentifier>{f8d65261-f358-402b-90f7-1cd36d986172}</UniqueIdentifier>
    </Filter>
    <Filter Include="ヘッダー ファイル\result">
      <UniqueIdentifier>{2d274ac6-be3f-4f39-aa3b-9525d5459f35}</UniqueIdentifier>
    </Filter>
  </ItemGroup>
  <ItemGroup>
    <ClCompile Include="main.cpp">
      <Filter>ソース ファイル</Filter>
    </ClCompile>
    <ClCompile Include="fade.cpp">
      <Filter>ソース ファイル</Filter>
    </ClCompile>
    <ClCompile Include="DBD.cpp">
      <Filter>ソース ファイル</Filter>
    </ClCompile>
    <ClCompile Include="input.cpp">
      <Filter>ソース ファイル</Filter>
    </ClCompile>
    <ClCompile Include="title BG.cpp">
      <Filter>ソース ファイル\title</Filter>
    </ClCompile>
    <ClCompile Include="title.cpp">
      <Filter>ソース ファイル\title</Filter>
    </ClCompile>
    <ClCompile Include="game.cpp">
      <Filter>ソース ファイル\game</Filter>
    </ClCompile>
    <ClCompile Include="result.cpp">
      <Filter>ソース ファイル\result</Filter>
    </ClCompile>
    <ClCompile Include="game BG.cpp">
      <Filter>ソース ファイル\game</Filter>
    </ClCompile>
    <ClCompile Include="result BG.cpp">
      <Filter>ソース ファイル\result</Filter>
    </ClCompile>
    <ClCompile Include="player.cpp">
      <Filter>ソース ファイル\game</Filter>
    </ClCompile>
    <ClCompile Include="raival.cpp">
      <Filter>ソース ファイル\game</Filter>
    </ClCompile>
    <ClCompile Include="schedule.cpp">
      <Filter>ソース ファイル\game</Filter>
    </ClCompile>
    <ClCompile Include="terget.cpp">
      <Filter>ソース ファイル\game</Filter>
    </ClCompile>
    <ClCompile Include="weekloop.cpp">
      <Filter>ソース ファイル\game</Filter>
    </ClCompile>
    <ClCompile Include="bg.cpp">
      <Filter>ソース ファイル\game</Filter>
    </ClCompile>
    <ClCompile Include="debugproc.cpp">
      <Filter>ソース ファイル</Filter>
    </ClCompile>
    <ClCompile Include="event.cpp">
      <Filter>ソース ファイル\game</Filter>
    </ClCompile>
    <ClCompile Include="text.cpp">
      <Filter>ソース ファイル\game</Filter>
    </ClCompile>
    <ClCompile Include="weekresult.cpp">
      <Filter>ソース ファイル\game</Filter>
    </ClCompile>
  </ItemGroup>
  <ItemGroup>
    <ClInclude Include="main.h">
      <Filter>ヘッダー ファイル</Filter>
    </ClInclude>
    <ClInclude Include="DBD.h">
      <Filter>ヘッダー ファイル</Filter>
    </ClInclude>
    <ClInclude Include="fade.h">
      <Filter>ヘッダー ファイル</Filter>
    </ClInclude>
    <ClInclude Include="input.h">
      <Filter>ヘッダー ファイル</Filter>
    </ClInclude>
    <ClInclude Include="title.h">
      <Filter>ヘッダー ファイル\title</Filter>
    </ClInclude>
    <ClInclude Include="result.h">
      <Filter>ヘッダー ファイル\result</Filter>
    </ClInclude>
    <ClInclude Include="game.h">
      <Filter>ヘッダー ファイル\game</Filter>
    </ClInclude>
    <ClInclude Include="title BG.h">
      <Filter>ヘッダー ファイル\title</Filter>
    </ClInclude>
    <ClInclude Include="game BG.h">
      <Filter>ヘッダー ファイル\game</Filter>
    </ClInclude>
    <ClInclude Include="result BG.h">
      <Filter>ヘッダー ファイル\result</Filter>
    </ClInclude>
    <ClInclude Include="player.h">
      <Filter>ヘッダー ファイル\game</Filter>
    </ClInclude>
    <ClInclude Include="raival.h">
      <Filter>ヘッダー ファイル\game</Filter>
    </ClInclude>
    <ClInclude Include="schedule.h">
      <Filter>ヘッダー ファイル\game</Filter>
    </ClInclude>
    <ClInclude Include="terget.h">
      <Filter>ヘッダー ファイル\game</Filter>
    </ClInclude>
    <ClInclude Include="weekloop.h">
      <Filter>ヘッダー ファイル\game</Filter>
    </ClInclude>
    <ClInclude Include="bg.h">
      <Filter>ヘッダー ファイル\game</Filter>
    </ClInclude>
    <ClInclude Include="debugproc.h">
      <Filter>ヘッダー ファイル</Filter>
    </ClInclude>
    <ClInclude Include="event.h">
      <Filter>ヘッダー ファイル\game</Filter>
    </ClInclude>
    <ClInclude Include="text.h">
      <Filter>ヘッダー ファイル\game</Filter>
    </ClInclude>
    <ClInclude Include="weekresult.h">
      <Filter>ヘッダー ファイル\game</Filter>
    </ClInclude>
  </ItemGroup>
</Project>